// !$*UTF8*$!
{
	archiveVersion = 1;
	classes = {
	};
	objectVersion = 56;
	objects = {

/* Begin PBXBuildFile section */
		2D2C541A29AED19B0042250C /* WeatherRow.swift in Sources */ = {isa = PBXBuildFile; fileRef = 2D2C541929AED19B0042250C /* WeatherRow.swift */; };
		2DE0ABEF29AD893A001DB67D /* WTFApp.swift in Sources */ = {isa = PBXBuildFile; fileRef = 2DE0ABEE29AD893A001DB67D /* WTFApp.swift */; };
		2DE0ABF129AD893A001DB67D /* ContentView.swift in Sources */ = {isa = PBXBuildFile; fileRef = 2DE0ABF029AD893A001DB67D /* ContentView.swift */; };
		2DE0ABF329AD893C001DB67D /* Assets.xcassets in Resources */ = {isa = PBXBuildFile; fileRef = 2DE0ABF229AD893C001DB67D /* Assets.xcassets */; };
		2DE0ABF629AD893C001DB67D /* Preview Assets.xcassets in Resources */ = {isa = PBXBuildFile; fileRef = 2DE0ABF529AD893C001DB67D /* Preview Assets.xcassets */; };
		2DE0ABFE29AD8B54001DB67D /* LocationManager.swift in Sources */ = {isa = PBXBuildFile; fileRef = 2DE0ABFD29AD8B54001DB67D /* LocationManager.swift */; };
		2DE0AC0429AD9B54001DB67D /* WelcomeView.swift in Sources */ = {isa = PBXBuildFile; fileRef = 2DE0AC0329AD9B54001DB67D /* WelcomeView.swift */; };
		2DE0AC0629AE9C33001DB67D /* LoadingView.swift in Sources */ = {isa = PBXBuildFile; fileRef = 2DE0AC0529AE9C33001DB67D /* LoadingView.swift */; };
		2DE0AC0829AEA23D001DB67D /* WeatherManager.swift in Sources */ = {isa = PBXBuildFile; fileRef = 2DE0AC0729AEA23D001DB67D /* WeatherManager.swift */; };
		2DE0AC0A29AEBE10001DB67D /* WeatherView.swift in Sources */ = {isa = PBXBuildFile; fileRef = 2DE0AC0929AEBE10001DB67D /* WeatherView.swift */; };
		2DE0AC0C29AEBF33001DB67D /* ModelData.swift in Sources */ = {isa = PBXBuildFile; fileRef = 2DE0AC0B29AEBF33001DB67D /* ModelData.swift */; };
		2DE0AC0E29AEBF9F001DB67D /* weatherData.json in Resources */ = {isa = PBXBuildFile; fileRef = 2DE0AC0D29AEBF9F001DB67D /* weatherData.json */; };
		2DE0AC1029AEC12B001DB67D /* Extensions.swift in Sources */ = {isa = PBXBuildFile; fileRef = 2DE0AC0F29AEC12B001DB67D /* Extensions.swift */; };
/* End PBXBuildFile section */

/* Begin PBXFileReference section */
		2D2C541929AED19B0042250C /* WeatherRow.swift */ = {isa = PBXFileReference; lastKnownFileType = sourcecode.swift; path = WeatherRow.swift; sourceTree = "<group>"; };
		2DE0ABEB29AD893A001DB67D /* WTF - What's the Forecast.app */ = {isa = PBXFileReference; explicitFileType = wrapper.application; includeInIndex = 0; path = "WTF - What's the Forecast.app"; sourceTree = BUILT_PRODUCTS_DIR; };
		2DE0ABEE29AD893A001DB67D /* WTFApp.swift */ = {isa = PBXFileReference; lastKnownFileType = sourcecode.swift; path = WTFApp.swift; sourceTree = "<group>"; };
		2DE0ABF029AD893A001DB67D /* ContentView.swift */ = {isa = PBXFileReference; lastKnownFileType = sourcecode.swift; path = ContentView.swift; sourceTree = "<group>"; };
		2DE0ABF229AD893C001DB67D /* Assets.xcassets */ = {isa = PBXFileReference; lastKnownFileType = folder.assetcatalog; path = Assets.xcassets; sourceTree = "<group>"; };
		2DE0ABF529AD893C001DB67D /* Preview Assets.xcassets */ = {isa = PBXFileReference; lastKnownFileType = folder.assetcatalog; path = "Preview Assets.xcassets"; sourceTree = "<group>"; };
		2DE0ABFD29AD8B54001DB67D /* LocationManager.swift */ = {isa = PBXFileReference; lastKnownFileType = sourcecode.swift; path = LocationManager.swift; sourceTree = "<group>"; };
		2DE0AC0329AD9B54001DB67D /* WelcomeView.swift */ = {isa = PBXFileReference; lastKnownFileType = sourcecode.swift; path = WelcomeView.swift; sourceTree = "<group>"; };
		2DE0AC0529AE9C33001DB67D /* LoadingView.swift */ = {isa = PBXFileReference; lastKnownFileType = sourcecode.swift; path = LoadingView.swift; sourceTree = "<group>"; };
		2DE0AC0729AEA23D001DB67D /* WeatherManager.swift */ = {isa = PBXFileReference; lastKnownFileType = sourcecode.swift; path = WeatherManager.swift; sourceTree = "<group>"; };
		2DE0AC0929AEBE10001DB67D /* WeatherView.swift */ = {isa = PBXFileReference; lastKnownFileType = sourcecode.swift; path = WeatherView.swift; sourceTree = "<group>"; };
		2DE0AC0B29AEBF33001DB67D /* ModelData.swift */ = {isa = PBXFileReference; lastKnownFileType = sourcecode.swift; path = ModelData.swift; sourceTree = "<group>"; };
		2DE0AC0D29AEBF9F001DB67D /* weatherData.json */ = {isa = PBXFileReference; explicitFileType = text.json; path = weatherData.json; sourceTree = "<group>"; };
		2DE0AC0F29AEC12B001DB67D /* Extensions.swift */ = {isa = PBXFileReference; lastKnownFileType = sourcecode.swift; path = Extensions.swift; sourceTree = "<group>"; };
/* End PBXFileReference section */

/* Begin PBXFrameworksBuildPhase section */
		2DE0ABE829AD893A001DB67D /* Frameworks */ = {
			isa = PBXFrameworksBuildPhase;
			buildActionMask = 2147483647;
			files = (
			);
			runOnlyForDeploymentPostprocessing = 0;
		};
/* End PBXFrameworksBuildPhase section */

/* Begin PBXGroup section */
		2D2C541829AED1810042250C /* Components */ = {
			isa = PBXGroup;
			children = (
				2D2C541929AED19B0042250C /* WeatherRow.swift */,
			);
			path = Components;
			sourceTree = "<group>";
		};
		2DE0ABE229AD893A001DB67D = {
			isa = PBXGroup;
			children = (
				2DE0ABED29AD893A001DB67D /* WTF - What's the Forecast */,
				2DE0ABEC29AD893A001DB67D /* Products */,
			);
			sourceTree = "<group>";
		};
		2DE0ABEC29AD893A001DB67D /* Products */ = {
			isa = PBXGroup;
			children = (
				2DE0ABEB29AD893A001DB67D /* WTF - What's the Forecast.app */,
			);
			name = Products;
			sourceTree = "<group>";
		};
		2DE0ABED29AD893A001DB67D /* WTF - What's the Forecast */ = {
			isa = PBXGroup;
			children = (
				2D2C541829AED1810042250C /* Components */,
				2DE0ABEE29AD893A001DB67D /* WTFApp.swift */,
				2DE0ABFC29AD8B2D001DB67D /* Managers */,
				2DE0AC0029AD9289001DB67D /* Views */,
				2DE0ABF229AD893C001DB67D /* Assets.xcassets */,
				2DE0ABF429AD893C001DB67D /* Preview Content */,
				2DE0AC0B29AEBF33001DB67D /* ModelData.swift */,
				2DE0AC0D29AEBF9F001DB67D /* weatherData.json */,
				2DE0AC0F29AEC12B001DB67D /* Extensions.swift */,
			);
			path = "WTF - What's the Forecast";
			sourceTree = "<group>";
		};
		2DE0ABF429AD893C001DB67D /* Preview Content */ = {
			isa = PBXGroup;
			children = (
				2DE0ABF529AD893C001DB67D /* Preview Assets.xcassets */,
			);
			path = "Preview Content";
			sourceTree = "<group>";
		};
		2DE0ABFC29AD8B2D001DB67D /* Managers */ = {
			isa = PBXGroup;
			children = (
				2DE0ABFD29AD8B54001DB67D /* LocationManager.swift */,
				2DE0AC0729AEA23D001DB67D /* WeatherManager.swift */,
			);
			path = Managers;
			sourceTree = "<group>";
		};
		2DE0AC0029AD9289001DB67D /* Views */ = {
			isa = PBXGroup;
			children = (
				2DE0ABF029AD893A001DB67D /* ContentView.swift */,
				2DE0AC0329AD9B54001DB67D /* WelcomeView.swift */,
				2DE0AC0529AE9C33001DB67D /* LoadingView.swift */,
				2DE0AC0929AEBE10001DB67D /* WeatherView.swift */,
			);
			path = Views;
			sourceTree = "<group>";
		};
/* End PBXGroup section */

/* Begin PBXNativeTarget section */
		2DE0ABEA29AD893A001DB67D /* WTF - What's the Forecast */ = {
			isa = PBXNativeTarget;
			buildConfigurationList = 2DE0ABF929AD893C001DB67D /* Build configuration list for PBXNativeTarget "WTF - What's the Forecast" */;
			buildPhases = (
				2DE0ABE729AD893A001DB67D /* Sources */,
				2DE0ABE829AD893A001DB67D /* Frameworks */,
				2DE0ABE929AD893A001DB67D /* Resources */,
			);
			buildRules = (
			);
			dependencies = (
			);
			name = "WTF - What's the Forecast";
			productName = "WTF - What's the Forecast";
			productReference = 2DE0ABEB29AD893A001DB67D /* WTF - What's the Forecast.app */;
			productType = "com.apple.product-type.application";
		};
/* End PBXNativeTarget section */

/* Begin PBXProject section */
		2DE0ABE329AD893A001DB67D /* Project object */ = {
			isa = PBXProject;
			attributes = {
				BuildIndependentTargetsInParallel = 1;
				LastSwiftUpdateCheck = 1420;
				LastUpgradeCheck = 1420;
				TargetAttributes = {
					2DE0ABEA29AD893A001DB67D = {
						CreatedOnToolsVersion = 14.2;
					};
				};
			};
			buildConfigurationList = 2DE0ABE629AD893A001DB67D /* Build configuration list for PBXProject "WTF - What's the Forecast" */;
			compatibilityVersion = "Xcode 14.0";
			developmentRegion = en;
			hasScannedForEncodings = 0;
			knownRegions = (
				en,
				Base,
			);
			mainGroup = 2DE0ABE229AD893A001DB67D;
			productRefGroup = 2DE0ABEC29AD893A001DB67D /* Products */;
			projectDirPath = "";
			projectRoot = "";
			targets = (
				2DE0ABEA29AD893A001DB67D /* WTF - What's the Forecast */,
			);
		};
/* End PBXProject section */

/* Begin PBXResourcesBuildPhase section */
		2DE0ABE929AD893A001DB67D /* Resources */ = {
			isa = PBXResourcesBuildPhase;
			buildActionMask = 2147483647;
			files = (
				2DE0ABF629AD893C001DB67D /* Preview Assets.xcassets in Resources */,
				2DE0AC0E29AEBF9F001DB67D /* weatherData.json in Resources */,
				2DE0ABF329AD893C001DB67D /* Assets.xcassets in Resources */,
			);
			runOnlyForDeploymentPostprocessing = 0;
		};
/* End PBXResourcesBuildPhase section */

/* Begin PBXSourcesBuildPhase section */
		2DE0ABE729AD893A001DB67D /* Sources */ = {
			isa = PBXSourcesBuildPhase;
			buildActionMask = 2147483647;
			files = (
				2DE0AC0829AEA23D001DB67D /* WeatherManager.swift in Sources */,
				2DE0AC1029AEC12B001DB67D /* Extensions.swift in Sources */,
				2DE0ABF129AD893A001DB67D /* ContentView.swift in Sources */,
				2DE0ABEF29AD893A001DB67D /* WTFApp.swift in Sources */,
				2DE0ABFE29AD8B54001DB67D /* LocationManager.swift in Sources */,
				2D2C541A29AED19B0042250C /* WeatherRow.swift in Sources */,
				2DE0AC0629AE9C33001DB67D /* LoadingView.swift in Sources */,
				2DE0AC0C29AEBF33001DB67D /* ModelData.swift in Sources */,
				2DE0AC0A29AEBE10001DB67D /* WeatherView.swift in Sources */,
				2DE0AC0429AD9B54001DB67D /* WelcomeView.swift in Sources */,
			);
			runOnlyForDeploymentPostprocessing = 0;
		};
/* End PBXSourcesBuildPhase section */

/* Begin XCBuildConfiguration section */
		2DE0ABF729AD893C001DB67D /* Debug */ = {
			isa = XCBuildConfiguration;
			buildSettings = {
				ALWAYS_SEARCH_USER_PATHS = NO;
				CLANG_ANALYZER_NONNULL = YES;
				CLANG_ANALYZER_NUMBER_OBJECT_CONVERSION = YES_AGGRESSIVE;
				CLANG_CXX_LANGUAGE_STANDARD = "gnu++20";
				CLANG_ENABLE_MODULES = YES;
				CLANG_ENABLE_OBJC_ARC = YES;
				CLANG_ENABLE_OBJC_WEAK = YES;
				CLANG_WARN_BLOCK_CAPTURE_AUTORELEASING = YES;
				CLANG_WARN_BOOL_CONVERSION = YES;
				CLANG_WARN_COMMA = YES;
				CLANG_WARN_CONSTANT_CONVERSION = YES;
				CLANG_WARN_DEPRECATED_OBJC_IMPLEMENTATIONS = YES;
				CLANG_WARN_DIRECT_OBJC_ISA_USAGE = YES_ERROR;
				CLANG_WARN_DOCUMENTATION_COMMENTS = YES;
				CLANG_WARN_EMPTY_BODY = YES;
				CLANG_WARN_ENUM_CONVERSION = YES;
				CLANG_WARN_INFINITE_RECURSION = YES;
				CLANG_WARN_INT_CONVERSION = YES;
				CLANG_WARN_NON_LITERAL_NULL_CONVERSION = YES;
				CLANG_WARN_OBJC_IMPLICIT_RETAIN_SELF = YES;
				CLANG_WARN_OBJC_LITERAL_CONVERSION = YES;
				CLANG_WARN_OBJC_ROOT_CLASS = YES_ERROR;
				CLANG_WARN_QUOTED_INCLUDE_IN_FRAMEWORK_HEADER = YES;
				CLANG_WARN_RANGE_LOOP_ANALYSIS = YES;
				CLANG_WARN_STRICT_PROTOTYPES = YES;
				CLANG_WARN_SUSPICIOUS_MOVE = YES;
				CLANG_WARN_UNGUARDED_AVAILABILITY = YES_AGGRESSIVE;
				CLANG_WARN_UNREACHABLE_CODE = YES;
				CLANG_WARN__DUPLICATE_METHOD_MATCH = YES;
				COPY_PHASE_STRIP = NO;
				DEBUG_INFORMATION_FORMAT = dwarf;
				ENABLE_STRICT_OBJC_MSGSEND = YES;
				ENABLE_TESTABILITY = YES;
				GCC_C_LANGUAGE_STANDARD = gnu11;
				GCC_DYNAMIC_NO_PIC = NO;
				GCC_NO_COMMON_BLOCKS = YES;
				GCC_OPTIMIZATION_LEVEL = 0;
				GCC_PREPROCESSOR_DEFINITIONS = (
					"DEBUG=1",
					"$(inherited)",
				);
				GCC_WARN_64_TO_32_BIT_CONVERSION = YES;
				GCC_WARN_ABOUT_RETURN_TYPE = YES_ERROR;
				GCC_WARN_UNDECLARED_SELECTOR = YES;
				GCC_WARN_UNINITIALIZED_AUTOS = YES_AGGRESSIVE;
				GCC_WARN_UNUSED_FUNCTION = YES;
				GCC_WARN_UNUSED_VARIABLE = YES;
				IPHONEOS_DEPLOYMENT_TARGET = 16.2;
				MTL_ENABLE_DEBUG_INFO = INCLUDE_SOURCE;
				MTL_FAST_MATH = YES;
				ONLY_ACTIVE_ARCH = YES;
				SDKROOT = iphoneos;
				SWIFT_ACTIVE_COMPILATION_CONDITIONS = DEBUG;
				SWIFT_OPTIMIZATION_LEVEL = "-Onone";
			};
			name = Debug;
		};
		2DE0ABF829AD893C001DB67D /* Release */ = {
			isa = XCBuildConfiguration;
			buildSettings = {
				ALWAYS_SEARCH_USER_PATHS = NO;
				CLANG_ANALYZER_NONNULL = YES;
				CLANG_ANALYZER_NUMBER_OBJECT_CONVERSION = YES_AGGRESSIVE;
				CLANG_CXX_LANGUAGE_STANDARD = "gnu++20";
				CLANG_ENABLE_MODULES = YES;
				CLANG_ENABLE_OBJC_ARC = YES;
				CLANG_ENABLE_OBJC_WEAK = YES;
				CLANG_WARN_BLOCK_CAPTURE_AUTORELEASING = YES;
				CLANG_WARN_BOOL_CONVERSION = YES;
				CLANG_WARN_COMMA = YES;
				CLANG_WARN_CONSTANT_CONVERSION = YES;
				CLANG_WARN_DEPRECATED_OBJC_IMPLEMENTATIONS = YES;
				CLANG_WARN_DIRECT_OBJC_ISA_USAGE = YES_ERROR;
				CLANG_WARN_DOCUMENTATION_COMMENTS = YES;
				CLANG_WARN_EMPTY_BODY = YES;
				CLANG_WARN_ENUM_CONVERSION = YES;
				CLANG_WARN_INFINITE_RECURSION = YES;
				CLANG_WARN_INT_CONVERSION = YES;
				CLANG_WARN_NON_LITERAL_NULL_CONVERSION = YES;
				CLANG_WARN_OBJC_IMPLICIT_RETAIN_SELF = YES;
				CLANG_WARN_OBJC_LITERAL_CONVERSION = YES;
				CLANG_WARN_OBJC_ROOT_CLASS = YES_ERROR;
				CLANG_WARN_QUOTED_INCLUDE_IN_FRAMEWORK_HEADER = YES;
				CLANG_WARN_RANGE_LOOP_ANALYSIS = YES;
				CLANG_WARN_STRICT_PROTOTYPES = YES;
				CLANG_WARN_SUSPICIOUS_MOVE = YES;
				CLANG_WARN_UNGUARDED_AVAILABILITY = YES_AGGRESSIVE;
				CLANG_WARN_UNREACHABLE_CODE = YES;
				CLANG_WARN__DUPLICATE_METHOD_MATCH = YES;
				COPY_PHASE_STRIP = NO;
				DEBUG_INFORMATION_FORMAT = "dwarf-with-dsym";
				ENABLE_NS_ASSERTIONS = NO;
				ENABLE_STRICT_OBJC_MSGSEND = YES;
				GCC_C_LANGUAGE_STANDARD = gnu11;
				GCC_NO_COMMON_BLOCKS = YES;
				GCC_WARN_64_TO_32_BIT_CONVERSION = YES;
				GCC_WARN_ABOUT_RETURN_TYPE = YES_ERROR;
				GCC_WARN_UNDECLARED_SELECTOR = YES;
				GCC_WARN_UNINITIALIZED_AUTOS = YES_AGGRESSIVE;
				GCC_WARN_UNUSED_FUNCTION = YES;
				GCC_WARN_UNUSED_VARIABLE = YES;
				IPHONEOS_DEPLOYMENT_TARGET = 16.2;
				MTL_ENABLE_DEBUG_INFO = NO;
				MTL_FAST_MATH = YES;
				SDKROOT = iphoneos;
				SWIFT_COMPILATION_MODE = wholemodule;
				SWIFT_OPTIMIZATION_LEVEL = "-O";
				VALIDATE_PRODUCT = YES;
			};
			name = Release;
		};
		2DE0ABFA29AD893C001DB67D /* Debug */ = {
			isa = XCBuildConfiguration;
			buildSettings = {
				ASSETCATALOG_COMPILER_APPICON_NAME = AppIcon;
				ASSETCATALOG_COMPILER_GLOBAL_ACCENT_COLOR_NAME = AccentColor;
				ASSETCATALOG_COMPILER_INCLUDE_ALL_APPICON_ASSETS = YES;
				CODE_SIGN_STYLE = Automatic;
				CURRENT_PROJECT_VERSION = 1;
				DEVELOPMENT_ASSET_PATHS = "\"WTF - What's the Forecast/Preview Content\"";
				DEVELOPMENT_TEAM = UXNJA9FX77;
				ENABLE_PREVIEWS = YES;
				GENERATE_INFOPLIST_FILE = YES;
				INFOPLIST_KEY_UIApplicationSceneManifest_Generation = YES;
				INFOPLIST_KEY_UIApplicationSupportsIndirectInputEvents = YES;
				INFOPLIST_KEY_UILaunchScreen_Generation = YES;
				INFOPLIST_KEY_UISupportedInterfaceOrientations_iPad = "UIInterfaceOrientationPortrait UIInterfaceOrientationPortraitUpsideDown UIInterfaceOrientationLandscapeLeft UIInterfaceOrientationLandscapeRight";
				INFOPLIST_KEY_UISupportedInterfaceOrientations_iPhone = "UIInterfaceOrientationPortrait UIInterfaceOrientationLandscapeLeft UIInterfaceOrientationLandscapeRight";
				IPHONEOS_DEPLOYMENT_TARGET = 15.0;
				LD_RUNPATH_SEARCH_PATHS = (
					"$(inherited)",
					"@executable_path/Frameworks",
				);
				MARKETING_VERSION = 1.0;
				PRODUCT_BUNDLE_IDENTIFIER = "com.janellem.WTF---What-s-the-Forecast";
				PRODUCT_NAME = "$(TARGET_NAME)";
				SWIFT_EMIT_LOC_STRINGS = YES;
				SWIFT_VERSION = 5.0;
				TARGETED_DEVICE_FAMILY = "1,2";
			};
			name = Debug;
		};
		2DE0ABFB29AD893C001DB67D /* Release */ = {
			isa = XCBuildConfiguration;
			buildSettings = {
				ASSETCATALOG_COMPILER_APPICON_NAME = AppIcon;
				ASSETCATALOG_COMPILER_GLOBAL_ACCENT_COLOR_NAME = AccentColor;
				ASSETCATALOG_COMPILER_INCLUDE_ALL_APPICON_ASSETS = YES;
				CODE_SIGN_STYLE = Automatic;
				CURRENT_PROJECT_VERSION = 1;
				DEVELOPMENT_ASSET_PATHS = "\"WTF - What's the Forecast/Preview Content\"";
				DEVELOPMENT_TEAM = UXNJA9FX77;
				ENABLE_PREVIEWS = YES;
				GENERATE_INFOPLIST_FILE = YES;
				INFOPLIST_KEY_UIApplicationSceneManifest_Generation = YES;
				INFOPLIST_KEY_UIApplicationSupportsIndirectInputEvents = YES;
				INFOPLIST_KEY_UILaunchScreen_Generation = YES;
				INFOPLIST_KEY_UISupportedInterfaceOrientations_iPad = "UIInterfaceOrientationPortrait UIInterfaceOrientationPortraitUpsideDown UIInterfaceOrientationLandscapeLeft UIInterfaceOrientationLandscapeRight";
				INFOPLIST_KEY_UISupportedInterfaceOrientations_iPhone = "UIInterfaceOrientationPortrait UIInterfaceOrientationLandscapeLeft UIInterfaceOrientationLandscapeRight";
				IPHONEOS_DEPLOYMENT_TARGET = 15.0;
				LD_RUNPATH_SEARCH_PATHS = (
					"$(inherited)",
					"@executable_path/Frameworks",
				);
				MARKETING_VERSION = 1.0;
				PRODUCT_BUNDLE_IDENTIFIER = "com.janellem.WTF---What-s-the-Forecast";
				PRODUCT_NAME = "$(TARGET_NAME)";
				SWIFT_EMIT_LOC_STRINGS = YES;
				SWIFT_VERSION = 5.0;
				TARGETED_DEVICE_FAMILY = "1,2";
			};
			name = Release;
		};
/* End XCBuildConfiguration section */

/* Begin XCConfigurationList section */
		2DE0ABE629AD893A001DB67D /* Build configuration list for PBXProject "WTF - What's the Forecast" */ = {
			isa = XCConfigurationList;
			buildConfigurations = (
				2DE0ABF729AD893C001DB67D /* Debug */,
				2DE0ABF829AD893C001DB67D /* Release */,
			);
			defaultConfigurationIsVisible = 0;
			defaultConfigurationName = Release;
		};
		2DE0ABF929AD893C001DB67D /* Build configuration list for PBXNativeTarget "WTF - What's the Forecast" */ = {
			isa = XCConfigurationList;
			buildConfigurations = (
				2DE0ABFA29AD893C001DB67D /* Debug */,
				2DE0ABFB29AD893C001DB67D /* Release */,
			);
			defaultConfigurationIsVisible = 0;
			defaultConfigurationName = Release;
		};
/* End XCConfigurationList section */
	};
	rootObject = 2DE0ABE329AD893A001DB67D /* Project object */;
}
